
Microsoft Visual Studio Solution File, Format Version 12.00
# Visual Studio Version 17
VisualStudioVersion = 17.0.31903.59
MinimumVisualStudioVersion = 10.0.40219.1
Project("{FAE04EC0-301F-11D3-BF4B-00C04F79EFBC}") = "ClassLibraryWCF", "ClassLibraryWCF\ClassLibraryWCF.csproj", "{AD059657-185B-49B4-AF08-705F01E362C3}"
EndProject
Project("{FAE04EC0-301F-11D3-BF4B-00C04F79EFBC}") = "ChatHost", "ChatHost\ChatHost.csproj", "{24CD89DA-994E-48AA-944C-CCF1CBFB122C}"
EndProject
Global
	GlobalSection(SolutionConfigurationPlatforms) = preSolution
		Debug|Any CPU = Debug|Any CPU
		Release|Any CPU = Release|Any CPU
	EndGlobalSection
	GlobalSection(ProjectConfigurationPlatforms) = postSolution
		{AD059657-185B-49B4-AF08-705F01E362C3}.Debug|Any CPU.ActiveCfg = Debug|Any CPU
		{AD059657-185B-49B4-AF08-705F01E362C3}.Debug|Any CPU.Build.0 = Debug|Any CPU
		{AD059657-185B-49B4-AF08-705F01E362C3}.Release|Any CPU.ActiveCfg = Release|Any CPU
		{AD059657-185B-49B4-AF08-705F01E362C3}.Release|Any CPU.Build.0 = Release|Any CPU
		{24CD89DA-994E-48AA-944C-CCF1CBFB122C}.Debug|Any CPU.ActiveCfg = Debug|Any CPU
		{24CD89DA-994E-48AA-944C-CCF1CBFB122C}.Debug|Any CPU.Build.0 = Debug|Any CPU
		{24CD89DA-994E-48AA-944C-CCF1CBFB122C}.Release|Any CPU.ActiveCfg = Release|Any CPU
		{24CD89DA-994E-48AA-944C-CCF1CBFB122C}.Release|Any CPU.Build.0 = Release|Any CPU
	EndGlobalSection
	GlobalSection(SolutionProperties) = preSolution
		HideSolutionNode = FALSE
	EndGlobalSection
	GlobalSection(ExtensibilityGlobals) = postSolution
		SolutionGuid = {D8A1134D-5DB3-4D11-8E4B-80D0EC174254}
	EndGlobalSection
EndGlobal
